// !$*UTF8*$!
{
	archiveVersion = 1;
	classes = {
	};
	objectVersion = 56;
	objects = {

/* Begin PBXBuildFile section */
		278F4231298C72AF004E5AB9 /* main.cpp in Sources */ = {isa = PBXBuildFile; fileRef = 278F4230298C72AF004E5AB9 /* main.cpp */; };
		278F4239298C72EA004E5AB9 /* cashRegister.cpp in Sources */ = {isa = PBXBuildFile; fileRef = 278F4237298C72EA004E5AB9 /* cashRegister.cpp */; };
		278F423C298C737E004E5AB9 /* dispenserType.cpp in Sources */ = {isa = PBXBuildFile; fileRef = 278F423A298C737E004E5AB9 /* dispenserType.cpp */; };
/* End PBXBuildFile section */

/* Begin PBXCopyFilesBuildPhase section */
		278F422B298C72AF004E5AB9 /* CopyFiles */ = {
			isa = PBXCopyFilesBuildPhase;
			buildActionMask = 2147483647;
			dstPath = /usr/share/man/man1/;
			dstSubfolderSpec = 0;
			files = (
			);
			runOnlyForDeploymentPostprocessing = 1;
		};
/* End PBXCopyFilesBuildPhase section */

/* Begin PBXFileReference section */
		278F422D298C72AF004E5AB9 /* cmpe126lab01 */ = {isa = PBXFileReference; explicitFileType = "compiled.mach-o.executable"; includeInIndex = 0; path = cmpe126lab01; sourceTree = BUILT_PRODUCTS_DIR; };
		278F4230298C72AF004E5AB9 /* main.cpp */ = {isa = PBXFileReference; lastKnownFileType = sourcecode.cpp.cpp; path = main.cpp; sourceTree = "<group>"; };
		278F4237298C72EA004E5AB9 /* cashRegister.cpp */ = {isa = PBXFileReference; lastKnownFileType = sourcecode.cpp.cpp; name = cashRegister.cpp; path = cmpe126lab01/cashRegister.cpp; sourceTree = "<group>"; };
		278F4238298C72EA004E5AB9 /* cashRegister.hpp */ = {isa = PBXFileReference; lastKnownFileType = sourcecode.cpp.h; name = cashRegister.hpp; path = cmpe126lab01/cashRegister.hpp; sourceTree = "<group>"; };
		278F423A298C737E004E5AB9 /* dispenserType.cpp */ = {isa = PBXFileReference; lastKnownFileType = sourcecode.cpp.cpp; name = dispenserType.cpp; path = cmpe126lab01/dispenserType.cpp; sourceTree = "<group>"; };
		278F423B298C737E004E5AB9 /* dispenserType.h */ = {isa = PBXFileReference; explicitFileType = sourcecode.cpp.h; name = dispenserType.h; path = cmpe126lab01/dispenserType.h; sourceTree = "<group>"; };
/* End PBXFileReference section */

/* Begin PBXFrameworksBuildPhase section */
		278F422A298C72AF004E5AB9 /* Frameworks */ = {
			isa = PBXFrameworksBuildPhase;
			buildActionMask = 2147483647;
			files = (
			);
			runOnlyForDeploymentPostprocessing = 0;
		};
/* End PBXFrameworksBuildPhase section */

/* Begin PBXGroup section */
		278F4224298C72AF004E5AB9 = {
			isa = PBXGroup;
			children = (
				278F423A298C737E004E5AB9 /* dispenserType.cpp */,
				278F423B298C737E004E5AB9 /* dispenserType.h */,
				278F4237298C72EA004E5AB9 /* cashRegister.cpp */,
				278F4238298C72EA004E5AB9 /* cashRegister.hpp */,
				278F422F298C72AF004E5AB9 /* cmpe126lab01 */,
				278F422E298C72AF004E5AB9 /* Products */,
			);
			sourceTree = "<group>";
		};
		278F422E298C72AF004E5AB9 /* Products */ = {
			isa = PBXGroup;
			children = (
				278F422D298C72AF004E5AB9 /* cmpe126lab01 */,
			);
			name = Products;
			sourceTree = "<group>";
		};
		278F422F298C72AF004E5AB9 /* cmpe126lab01 */ = {
			isa = PBXGroup;
			children = (
				278F4230298C72AF004E5AB9 /* main.cpp */,
			);
			path = cmpe126lab01;
			sourceTree = "<group>";
		};
/* End PBXGroup section */

/* Begin PBXNativeTarget section */
		278F422C298C72AF004E5AB9 /* cmpe126lab01 */ = {
			isa = PBXNativeTarget;
			buildConfigurationList = 278F4234298C72AF004E5AB9 /* Build configuration list for PBXNativeTarget "cmpe126lab01" */;
			buildPhases = (
				278F4229298C72AF004E5AB9 /* Sources */,
				278F422A298C72AF004E5AB9 /* Frameworks */,
				278F422B298C72AF004E5AB9 /* CopyFiles */,
			);
			buildRules = (
			);
			dependencies = (
			);
			name = cmpe126lab01;
			productName = cmpe126lab01;
			productReference = 278F422D298C72AF004E5AB9 /* cmpe126lab01 */;
			productType = "com.apple.product-type.tool";
		};
/* End PBXNativeTarget section */

/* Begin PBXProject section */
		278F4225298C72AF004E5AB9 /* Project object */ = {
			isa = PBXProject;
			attributes = {
				BuildIndependentTargetsInParallel = 1;
				LastUpgradeCheck = 1420;
				TargetAttributes = {
					278F422C298C72AF004E5AB9 = {
						CreatedOnToolsVersion = 14.2;
					};
				};
			};
			buildConfigurationList = 278F4228298C72AF004E5AB9 /* Build configuration list for PBXProject "cmpe126lab01" */;
			compatibilityVersion = "Xcode 14.0";
			developmentRegion = en;
			hasScannedForEncodings = 0;
			knownRegions = (
				en,
				Base,
			);
			mainGroup = 278F4224298C72AF004E5AB9;
			productRefGroup = 278F422E298C72AF004E5AB9 /* Products */;
			projectDirPath = "";
			projectRoot = "";
			targets = (
				278F422C298C72AF004E5AB9 /* cmpe126lab01 */,
			);
		};
/* End PBXProject section */

/* Begin PBXSourcesBuildPhase section */
		278F4229298C72AF004E5AB9 /* Sources */ = {
			isa = PBXSourcesBuildPhase;
			buildActionMask = 2147483647;
			files = (
				278F4231298C72AF004E5AB9 /* main.cpp in Sources */,
				278F423C298C737E004E5AB9 /* dispenserType.cpp in Sources */,
				278F4239298C72EA004E5AB9 /* cashRegister.cpp in Sources */,
			);
			runOnlyForDeploymentPostprocessing = 0;
		};
/* End PBXSourcesBuildPhase section */

/* Begin XCBuildConfiguration section */
		278F4232298C72AF004E5AB9 /* Debug */ = {
			isa = XCBuildConfiguration;
			buildSettings = {
				ALWAYS_SEARCH_USER_PATHS = NO;
				CLANG_ANALYZER_NONNULL = YES;
				CLANG_ANALYZER_NUMBER_OBJECT_CONVERSION = YES_AGGRESSIVE;
				CLANG_CXX_LANGUAGE_STANDARD = "gnu++20";
				CLANG_ENABLE_MODULES = YES;
				CLANG_ENABLE_OBJC_ARC = YES;
				CLANG_ENABLE_OBJC_WEAK = YES;
				CLANG_WARN_BLOCK_CAPTURE_AUTORELEASING = YES;
				CLANG_WARN_BOOL_CONVERSION = YES;
				CLANG_WARN_COMMA = YES;
				CLANG_WARN_CONSTANT_CONVERSION = YES;
				CLANG_WARN_DEPRECATED_OBJC_IMPLEMENTATIONS = YES;
				CLANG_WARN_DIRECT_OBJC_ISA_USAGE = YES_ERROR;
				CLANG_WARN_DOCUMENTATION_COMMENTS = YES;
				CLANG_WARN_EMPTY_BODY = YES;
				CLANG_WARN_ENUM_CONVERSION = YES;
				CLANG_WARN_INFINITE_RECURSION = YES;
				CLANG_WARN_INT_CONVERSION = YES;
				CLANG_WARN_NON_LITERAL_NULL_CONVERSION = YES;
				CLANG_WARN_OBJC_IMPLICIT_RETAIN_SELF = YES;
				CLANG_WARN_OBJC_LITERAL_CONVERSION = YES;
				CLANG_WARN_OBJC_ROOT_CLASS = YES_ERROR;
				CLANG_WARN_QUOTED_INCLUDE_IN_FRAMEWORK_HEADER = YES;
				CLANG_WARN_RANGE_LOOP_ANALYSIS = YES;
				CLANG_WARN_STRICT_PROTOTYPES = YES;
				CLANG_WARN_SUSPICIOUS_MOVE = YES;
				CLANG_WARN_UNGUARDED_AVAILABILITY = YES_AGGRESSIVE;
				CLANG_WARN_UNREACHABLE_CODE = YES;
				CLANG_WARN__DUPLICATE_METHOD_MATCH = YES;
				COPY_PHASE_STRIP = NO;
				DEBUG_INFORMATION_FORMAT = dwarf;
				ENABLE_STRICT_OBJC_MSGSEND = YES;
				ENABLE_TESTABILITY = YES;
				GCC_C_LANGUAGE_STANDARD = gnu11;
				GCC_DYNAMIC_NO_PIC = NO;
				GCC_NO_COMMON_BLOCKS = YES;
				GCC_OPTIMIZATION_LEVEL = 0;
				GCC_PREPROCESSOR_DEFINITIONS = (
					"DEBUG=1",
					"$(inherited)",
				);
				GCC_WARN_64_TO_32_BIT_CONVERSION = YES;
				GCC_WARN_ABOUT_RETURN_TYPE = YES_ERROR;
				GCC_WARN_UNDECLARED_SELECTOR = YES;
				GCC_WARN_UNINITIALIZED_AUTOS = YES_AGGRESSIVE;
				GCC_WARN_UNUSED_FUNCTION = YES;
				GCC_WARN_UNUSED_VARIABLE = YES;
				MACOSX_DEPLOYMENT_TARGET = 13.0;
				MTL_ENABLE_DEBUG_INFO = INCLUDE_SOURCE;
				MTL_FAST_MATH = YES;
				ONLY_ACTIVE_ARCH = YES;
				SDKROOT = macosx;
			};
			name = Debug;
		};
		278F4233298C72AF004E5AB9 /* Release */ = {
			isa = XCBuildConfiguration;
			buildSettings = {
				ALWAYS_SEARCH_USER_PATHS = NO;
				CLANG_ANALYZER_NONNULL = YES;
				CLANG_ANALYZER_NUMBER_OBJECT_CONVERSION = YES_AGGRESSIVE;
				CLANG_CXX_LANGUAGE_STANDARD = "gnu++20";
				CLANG_ENABLE_MODULES = YES;
				CLANG_ENABLE_OBJC_ARC = YES;
				CLANG_ENABLE_OBJC_WEAK = YES;
				CLANG_WARN_BLOCK_CAPTURE_AUTORELEASING = YES;
				CLANG_WARN_BOOL_CONVERSION = YES;
				CLANG_WARN_COMMA = YES;
				CLANG_WARN_CONSTANT_CONVERSION = YES;
				CLANG_WARN_DEPRECATED_OBJC_IMPLEMENTATIONS = YES;
				CLANG_WARN_DIRECT_OBJC_ISA_USAGE = YES_ERROR;
				CLANG_WARN_DOCUMENTATION_COMMENTS = YES;
				CLANG_WARN_EMPTY_BODY = YES;
				CLANG_WARN_ENUM_CONVERSION = YES;
				CLANG_WARN_INFINITE_RECURSION = YES;
				CLANG_WARN_INT_CONVERSION = YES;
				CLANG_WARN_NON_LITERAL_NULL_CONVERSION = YES;
				CLANG_WARN_OBJC_IMPLICIT_RETAIN_SELF = YES;
				CLANG_WARN_OBJC_LITERAL_CONVERSION = YES;
				CLANG_WARN_OBJC_ROOT_CLASS = YES_ERROR;
				CLANG_WARN_QUOTED_INCLUDE_IN_FRAMEWORK_HEADER = YES;
				CLANG_WARN_RANGE_LOOP_ANALYSIS = YES;
				CLANG_WARN_STRICT_PROTOTYPES = YES;
				CLANG_WARN_SUSPICIOUS_MOVE = YES;
				CLANG_WARN_UNGUARDED_AVAILABILITY = YES_AGGRESSIVE;
				CLANG_WARN_UNREACHABLE_CODE = YES;
				CLANG_WARN__DUPLICATE_METHOD_MATCH = YES;
				COPY_PHASE_STRIP = NO;
				DEBUG_INFORMATION_FORMAT = "dwarf-with-dsym";
				ENABLE_NS_ASSERTIONS = NO;
				ENABLE_STRICT_OBJC_MSGSEND = YES;
				GCC_C_LANGUAGE_STANDARD = gnu11;
				GCC_NO_COMMON_BLOCKS = YES;
				GCC_WARN_64_TO_32_BIT_CONVERSION = YES;
				GCC_WARN_ABOUT_RETURN_TYPE = YES_ERROR;
				GCC_WARN_UNDECLARED_SELECTOR = YES;
				GCC_WARN_UNINITIALIZED_AUTOS = YES_AGGRESSIVE;
				GCC_WARN_UNUSED_FUNCTION = YES;
				GCC_WARN_UNUSED_VARIABLE = YES;
				MACOSX_DEPLOYMENT_TARGET = 13.0;
				MTL_ENABLE_DEBUG_INFO = NO;
				MTL_FAST_MATH = YES;
				SDKROOT = macosx;
			};
			name = Release;
		};
		278F4235298C72AF004E5AB9 /* Debug */ = {
			isa = XCBuildConfiguration;
			buildSettings = {
				CODE_SIGN_STYLE = Automatic;
				DEVELOPMENT_TEAM = KK7BXG5ZB6;
				ENABLE_HARDENED_RUNTIME = YES;
				PRODUCT_NAME = "$(TARGET_NAME)";
			};
			name = Debug;
		};
		278F4236298C72AF004E5AB9 /* Release */ = {
			isa = XCBuildConfiguration;
			buildSettings = {
				CODE_SIGN_STYLE = Automatic;
				DEVELOPMENT_TEAM = KK7BXG5ZB6;
				ENABLE_HARDENED_RUNTIME = YES;
				PRODUCT_NAME = "$(TARGET_NAME)";
			};
			name = Release;
		};
/* End XCBuildConfiguration section */

/* Begin XCConfigurationList section */
		278F4228298C72AF004E5AB9 /* Build configuration list for PBXProject "cmpe126lab01" */ = {
			isa = XCConfigurationList;
			buildConfigurations = (
				278F4232298C72AF004E5AB9 /* Debug */,
				278F4233298C72AF004E5AB9 /* Release */,
			);
			defaultConfigurationIsVisible = 0;
			defaultConfigurationName = Release;
		};
		278F4234298C72AF004E5AB9 /* Build configuration list for PBXNativeTarget "cmpe126lab01" */ = {
			isa = XCConfigurationList;
			buildConfigurations = (
				278F4235298C72AF004E5AB9 /* Debug */,
				278F4236298C72AF004E5AB9 /* Release */,
			);
			defaultConfigurationIsVisible = 0;
			defaultConfigurationName = Release;
		};
/* End XCConfigurationList section */
	};
	rootObject = 278F4225298C72AF004E5AB9 /* Project object */;
}
